# THIS IS AN AUTOGENERATED FILE. DO NOT EDIT THIS FILE DIRECTLY.
# yarn lockfile v1


i18n-js@^3.2.2:
  version "3.2.2"
  resolved "https://registry.yarnpkg.com/i18n-js/-/i18n-js-3.2.2.tgz#9f7f552320c0e4cc6b35c50a790cc50465c7dc90"
  integrity sha512-CSTJelBrTDa54Utpj5BNEcplB4i/kXytjVNdQe4k/OQv1r9rVHtRZHWnhvRwkOrhdeJn7Wt05cv/rj5UT9Efhg==
